{
  "version": 4,
  "terraform_version": "1.7.2",
  "serial": 26,
  "lineage": "0ab1af34-0829-25a1-dd38-96b2a79c6ff4",
  "outputs": {
    "webapp_ips": {
      "value": "20.126.197.114,20.126.197.172,20.126.198.164,20.126.199.116,20.31.113.91,20.31.113.173,20.4.203.38,4.231.64.183,4.231.65.2,4.231.65.39,20.82.43.153,20.82.45.44,20.105.232.51",
      "type": "string"
    },
    "webapp_url": {
      "value": "parlapan-homies-app-service.azurewebsites.net",
      "type": "string"
    }
  },
  "resources": [
    {
      "mode": "managed",
      "type": "azurerm_app_service_source_control",
      "name": "sc",
      "provider": "provider[\"registry.terraform.io/hashicorp/azurerm\"]",
      "instances": [
        {
          "schema_version": 0,
          "attributes": {
            "app_id": "/subscriptions/872d2d5e-5a86-47a2-af2c-6327c4cc3ef7/resourceGroups/parlapan-homies-resource-group/providers/Microsoft.Web/sites/parlapan-homies-app-service",
            "branch": "main",
            "github_action_configuration": [],
            "id": "/subscriptions/872d2d5e-5a86-47a2-af2c-6327c4cc3ef7/resourceGroups/parlapan-homies-resource-group/providers/Microsoft.Web/sites/parlapan-homies-app-service",
            "repo_url": "https://github.com/Martin322s/homies-app",
            "rollback_enabled": false,
            "scm_type": "ExternalGit",
            "timeouts": null,
            "use_local_git": false,
            "use_manual_integration": true,
            "use_mercurial": false,
            "uses_github_action": false
          },
          "sensitive_attributes": [],
          "private": "eyJlMmJmYjczMC1lY2FhLTExZTYtOGY4OC0zNDM2M2JjN2M0YzAiOnsiY3JlYXRlIjoxODAwMDAwMDAwMDAwLCJkZWxldGUiOjE4MDAwMDAwMDAwMDAsInJlYWQiOjMwMDAwMDAwMDAwMH19",
          "dependencies": [
            "azurerm_linux_web_app.alwa",
            "azurerm_mssql_database.database",
            "azurerm_mssql_server.sqlserver",
            "azurerm_resource_group.rg",
            "azurerm_service_plan.asp"
          ]
        }
      ]
    },
    {
      "mode": "managed",
      "type": "azurerm_linux_web_app",
      "name": "alwa",
      "provider": "provider[\"registry.terraform.io/hashicorp/azurerm\"]",
      "instances": [
        {
          "schema_version": 0,
          "attributes": {
            "app_settings": null,
            "auth_settings": [
              {
                "active_directory": [],
                "additional_login_parameters": {},
                "allowed_external_redirect_urls": [],
                "default_provider": "",
                "enabled": false,
                "facebook": [],
                "github": [],
                "google": [],
                "issuer": "",
                "microsoft": [],
                "runtime_version": "",
                "token_refresh_extension_hours": 0,
                "token_store_enabled": false,
                "twitter": [],
                "unauthenticated_client_action": ""
              }
            ],
            "backup": [],
            "client_affinity_enabled": false,
            "client_certificate_enabled": false,
            "client_certificate_mode": "Required",
            "connection_string": [
              {
                "name": "DefaultConnection",
                "type": "SQLAzure",
                "value": "Data Source=tcp:parlapan-homies-sqlserver-azdb.database.windows.net,1433;Initial Catalog=parlapan-homies-sql-database;User ID=missadministrator;Password=yourStrongPassword12#;Trusted_Connection=False; MultipleActiveResultSets=True;"
              }
            ],
            "custom_domain_verification_id": "9B7B59BA3FA57F2F271F50DD33BC8FC23C5360F803BBD5BEEBEED13C01703CF1",
            "default_hostname": "parlapan-homies-app-service.azurewebsites.net",
            "enabled": true,
            "https_only": false,
            "id": "/subscriptions/872d2d5e-5a86-47a2-af2c-6327c4cc3ef7/resourceGroups/parlapan-homies-resource-group/providers/Microsoft.Web/sites/parlapan-homies-app-service",
            "identity": [],
            "key_vault_reference_identity_id": "SystemAssigned",
            "kind": "app,linux",
            "location": "westeurope",
            "logs": [],
            "name": "parlapan-homies-app-service",
            "outbound_ip_address_list": [
              "20.126.197.114",
              "20.126.197.172",
              "20.126.198.164",
              "20.126.199.116",
              "20.31.113.91",
              "20.31.113.173",
              "20.4.203.38",
              "4.231.64.183",
              "4.231.65.2",
              "4.231.65.39",
              "20.82.43.153",
              "20.82.45.44",
              "20.105.232.51"
            ],
            "outbound_ip_addresses": "20.126.197.114,20.126.197.172,20.126.198.164,20.126.199.116,20.31.113.91,20.31.113.173,20.4.203.38,4.231.64.183,4.231.65.2,4.231.65.39,20.82.43.153,20.82.45.44,20.105.232.51",
            "possible_outbound_ip_address_list": [
              "20.126.197.114",
              "20.126.197.172",
              "20.126.198.164",
              "20.126.199.116",
              "20.31.113.91",
              "20.31.113.173",
              "20.4.203.38",
              "4.231.64.183",
              "4.231.65.2",
              "4.231.65.39",
              "20.82.43.153",
              "20.82.45.44",
              "20.82.45.199",
              "20.82.47.136",
              "20.93.235.51",
              "20.93.238.224",
              "20.93.239.76",
              "20.103.184.53",
              "20.103.187.167",
              "20.103.188.18",
              "20.103.191.194",
              "20.126.195.188",
              "20.126.195.207",
              "20.126.196.59",
              "20.126.197.114",
              "20.126.197.172",
              "20.126.198.164",
              "20.126.199.116",
              "20.31.113.91",
              "20.31.113.173",
              "20.31.113.203",
              "20.31.114.2",
              "20.31.114.38",
              "20.31.114.76",
              "20.31.114.240",
              "20.31.116.186",
              "20.105.232.51"
            ],
            "possible_outbound_ip_addresses": "20.126.197.114,20.126.197.172,20.126.198.164,20.126.199.116,20.31.113.91,20.31.113.173,20.4.203.38,4.231.64.183,4.231.65.2,4.231.65.39,20.82.43.153,20.82.45.44,20.82.45.199,20.82.47.136,20.93.235.51,20.93.238.224,20.93.239.76,20.103.184.53,20.103.187.167,20.103.188.18,20.103.191.194,20.126.195.188,20.126.195.207,20.126.196.59,20.126.197.114,20.126.197.172,20.126.198.164,20.126.199.116,20.31.113.91,20.31.113.173,20.31.113.203,20.31.114.2,20.31.114.38,20.31.114.76,20.31.114.240,20.31.116.186,20.105.232.51",
            "resource_group_name": "parlapan-homies-resource-group",
            "service_plan_id": "/subscriptions/872d2d5e-5a86-47a2-af2c-6327c4cc3ef7/resourceGroups/parlapan-homies-resource-group/providers/Microsoft.Web/serverfarms/parlapan-homies-app-service",
            "site_config": [
              {
                "always_on": false,
                "api_definition_url": "",
                "api_management_api_id": "",
                "app_command_line": "",
                "application_stack": [
                  {
                    "docker_image": "",
                    "docker_image_tag": "",
                    "dotnet_version": "6.0",
                    "java_server": "",
                    "java_server_version": "",
                    "java_version": "",
                    "node_version": "",
                    "php_version": "",
                    "python_version": "",
                    "ruby_version": ""
                  }
                ],
                "auto_heal_enabled": false,
                "auto_heal_setting": [],
                "container_registry_managed_identity_client_id": "",
                "container_registry_use_managed_identity": false,
                "cors": [],
                "default_documents": [
                  "Default.htm",
                  "Default.html",
                  "Default.asp",
                  "index.htm",
                  "index.html",
                  "iisstart.htm",
                  "default.aspx",
                  "index.php",
                  "hostingstart.html"
                ],
                "detailed_error_logging_enabled": false,
                "ftps_state": "Disabled",
                "health_check_eviction_time_in_min": 0,
                "health_check_path": "",
                "http2_enabled": false,
                "ip_restriction": [],
                "linux_fx_version": "DOTNETCORE|6.0",
                "load_balancing_mode": "LeastRequests",
                "local_mysql_enabled": false,
                "managed_pipeline_mode": "Integrated",
                "minimum_tls_version": "1.2",
                "remote_debugging_enabled": false,
                "remote_debugging_version": "VS2019",
                "scm_ip_restriction": [],
                "scm_minimum_tls_version": "1.2",
                "scm_type": "None",
                "scm_use_main_ip_restriction": false,
                "use_32_bit_worker": true,
                "vnet_route_all_enabled": false,
                "websockets_enabled": false,
                "worker_count": 1
              }
            ],
            "site_credential": [
              {
                "name": "$parlapan-homies-app-service",
                "password": "7H0PatBEDn7YQA4iT4vo4tZhhRj9u19qsYiupRWy84T589966tWcyKNfzXAM"
              }
            ],
            "storage_account": [],
            "tags": null,
            "timeouts": null
          },
          "sensitive_attributes": [
            [
              {
                "type": "get_attr",
                "value": "connection_string"
              }
            ]
          ],
          "private": "eyJlMmJmYjczMC1lY2FhLTExZTYtOGY4OC0zNDM2M2JjN2M0YzAiOnsiY3JlYXRlIjoxODAwMDAwMDAwMDAwLCJkZWxldGUiOjE4MDAwMDAwMDAwMDAsInJlYWQiOjMwMDAwMDAwMDAwMCwidXBkYXRlIjoxODAwMDAwMDAwMDAwfX0=",
          "dependencies": [
            "azurerm_mssql_database.database",
            "azurerm_mssql_server.sqlserver",
            "azurerm_resource_group.rg",
            "azurerm_service_plan.asp"
          ]
        }
      ]
    },
    {
      "mode": "managed",
      "type": "azurerm_mssql_database",
      "name": "database",
      "provider": "provider[\"registry.terraform.io/hashicorp/azurerm\"]",
      "instances": [
        {
          "schema_version": 1,
          "attributes": {
            "auto_pause_delay_in_minutes": 0,
            "collation": "SQL_Latin1_General_CP1_CI_AS",
            "create_mode": "Default",
            "creation_source_database_id": null,
            "elastic_pool_id": "",
            "geo_backup_enabled": true,
            "id": "/subscriptions/872d2d5e-5a86-47a2-af2c-6327c4cc3ef7/resourceGroups/parlapan-homies-resource-group/providers/Microsoft.Sql/servers/parlapan-homies-sqlserver-azdb/databases/parlapan-homies-sql-database",
            "license_type": "",
            "long_term_retention_policy": [
              {
                "monthly_retention": "PT0S",
                "week_of_year": 0,
                "weekly_retention": "PT0S",
                "yearly_retention": "PT0S"
              }
            ],
            "max_size_gb": 250,
            "min_capacity": 0,
            "name": "parlapan-homies-sql-database",
            "read_replica_count": 0,
            "read_scale": false,
            "recover_database_id": null,
            "restore_dropped_database_id": null,
            "restore_point_in_time": null,
            "sample_name": null,
            "server_id": "/subscriptions/872d2d5e-5a86-47a2-af2c-6327c4cc3ef7/resourceGroups/parlapan-homies-resource-group/providers/Microsoft.Sql/servers/parlapan-homies-sqlserver-azdb",
            "short_term_retention_policy": [
              {
                "retention_days": 7
              }
            ],
            "sku_name": "S0",
            "storage_account_type": "Geo",
            "tags": null,
            "threat_detection_policy": [
              {
                "disabled_alerts": [],
                "email_account_admins": "Disabled",
                "email_addresses": [],
                "retention_days": 0,
                "state": "Disabled",
                "storage_account_access_key": "",
                "storage_endpoint": ""
              }
            ],
            "timeouts": null,
            "transparent_data_encryption_enabled": true,
            "zone_redundant": false
          },
          "sensitive_attributes": [],
          "private": "eyJlMmJmYjczMC1lY2FhLTExZTYtOGY4OC0zNDM2M2JjN2M0YzAiOnsiY3JlYXRlIjozNjAwMDAwMDAwMDAwLCJkZWxldGUiOjM2MDAwMDAwMDAwMDAsInJlYWQiOjMwMDAwMDAwMDAwMCwidXBkYXRlIjozNjAwMDAwMDAwMDAwfSwic2NoZW1hX3ZlcnNpb24iOiIxIn0=",
          "dependencies": [
            "azurerm_mssql_server.sqlserver",
            "azurerm_resource_group.rg"
          ]
        }
      ]
    },
    {
      "mode": "managed",
      "type": "azurerm_mssql_firewall_rule",
      "name": "firewall",
      "provider": "provider[\"registry.terraform.io/hashicorp/azurerm\"]",
      "instances": [
        {
          "schema_version": 0,
          "attributes": {
            "end_ip_address": "0.0.0.0",
            "id": "/subscriptions/872d2d5e-5a86-47a2-af2c-6327c4cc3ef7/resourceGroups/parlapan-homies-resource-group/providers/Microsoft.Sql/servers/parlapan-homies-sqlserver-azdb/firewallRules/parlapan-homies-firewall-rule",
            "name": "parlapan-homies-firewall-rule",
            "server_id": "/subscriptions/872d2d5e-5a86-47a2-af2c-6327c4cc3ef7/resourceGroups/parlapan-homies-resource-group/providers/Microsoft.Sql/servers/parlapan-homies-sqlserver-azdb",
            "start_ip_address": "0.0.0.0",
            "timeouts": null
          },
          "sensitive_attributes": [],
          "private": "eyJlMmJmYjczMC1lY2FhLTExZTYtOGY4OC0zNDM2M2JjN2M0YzAiOnsiY3JlYXRlIjoxODAwMDAwMDAwMDAwLCJkZWxldGUiOjE4MDAwMDAwMDAwMDAsInJlYWQiOjMwMDAwMDAwMDAwMCwidXBkYXRlIjoxODAwMDAwMDAwMDAwfX0=",
          "dependencies": [
            "azurerm_mssql_server.sqlserver",
            "azurerm_resource_group.rg"
          ]
        }
      ]
    },
    {
      "mode": "managed",
      "type": "azurerm_mssql_server",
      "name": "sqlserver",
      "provider": "provider[\"registry.terraform.io/hashicorp/azurerm\"]",
      "instances": [
        {
          "schema_version": 0,
          "attributes": {
            "administrator_login": "missadministrator",
            "administrator_login_password": "yourStrongPassword12#",
            "azuread_administrator": [],
            "connection_policy": "Default",
            "fully_qualified_domain_name": "parlapan-homies-sqlserver-azdb.database.windows.net",
            "id": "/subscriptions/872d2d5e-5a86-47a2-af2c-6327c4cc3ef7/resourceGroups/parlapan-homies-resource-group/providers/Microsoft.Sql/servers/parlapan-homies-sqlserver-azdb",
            "identity": [],
            "location": "westeurope",
            "minimum_tls_version": "1.2",
            "name": "parlapan-homies-sqlserver-azdb",
            "outbound_network_restriction_enabled": false,
            "primary_user_assigned_identity_id": "",
            "public_network_access_enabled": true,
            "resource_group_name": "parlapan-homies-resource-group",
            "restorable_dropped_database_ids": [],
            "tags": null,
            "timeouts": null,
            "version": "12.0"
          },
          "sensitive_attributes": [],
          "private": "eyJlMmJmYjczMC1lY2FhLTExZTYtOGY4OC0zNDM2M2JjN2M0YzAiOnsiY3JlYXRlIjozNjAwMDAwMDAwMDAwLCJkZWxldGUiOjM2MDAwMDAwMDAwMDAsInJlYWQiOjMwMDAwMDAwMDAwMCwidXBkYXRlIjozNjAwMDAwMDAwMDAwfX0=",
          "dependencies": [
            "azurerm_resource_group.rg"
          ]
        }
      ]
    },
    {
      "mode": "managed",
      "type": "azurerm_resource_group",
      "name": "rg",
      "provider": "provider[\"registry.terraform.io/hashicorp/azurerm\"]",
      "instances": [
        {
          "schema_version": 0,
          "attributes": {
            "id": "/subscriptions/872d2d5e-5a86-47a2-af2c-6327c4cc3ef7/resourceGroups/parlapan-homies-resource-group",
            "location": "westeurope",
            "name": "parlapan-homies-resource-group",
            "tags": null,
            "timeouts": null
          },
          "sensitive_attributes": [],
          "private": "eyJlMmJmYjczMC1lY2FhLTExZTYtOGY4OC0zNDM2M2JjN2M0YzAiOnsiY3JlYXRlIjo1NDAwMDAwMDAwMDAwLCJkZWxldGUiOjU0MDAwMDAwMDAwMDAsInJlYWQiOjMwMDAwMDAwMDAwMCwidXBkYXRlIjo1NDAwMDAwMDAwMDAwfX0="
        }
      ]
    },
    {
      "mode": "managed",
      "type": "azurerm_service_plan",
      "name": "asp",
      "provider": "provider[\"registry.terraform.io/hashicorp/azurerm\"]",
      "instances": [
        {
          "schema_version": 0,
          "attributes": {
            "app_service_environment_id": "",
            "id": "/subscriptions/872d2d5e-5a86-47a2-af2c-6327c4cc3ef7/resourceGroups/parlapan-homies-resource-group/providers/Microsoft.Web/serverfarms/parlapan-homies-app-service",
            "kind": "linux",
            "location": "westeurope",
            "maximum_elastic_worker_count": 1,
            "name": "parlapan-homies-app-service",
            "os_type": "Linux",
            "per_site_scaling_enabled": false,
            "reserved": true,
            "resource_group_name": "parlapan-homies-resource-group",
            "sku_name": "F1",
            "tags": null,
            "timeouts": null,
            "worker_count": 1
          },
          "sensitive_attributes": [],
          "private": "eyJlMmJmYjczMC1lY2FhLTExZTYtOGY4OC0zNDM2M2JjN2M0YzAiOnsiY3JlYXRlIjozNjAwMDAwMDAwMDAwLCJkZWxldGUiOjM2MDAwMDAwMDAwMDAsInJlYWQiOjMwMDAwMDAwMDAwMCwidXBkYXRlIjozNjAwMDAwMDAwMDAwfX0=",
          "dependencies": [
            "azurerm_resource_group.rg"
          ]
        }
      ]
    }
  ],
  "check_results": null
}
